{
  "name": "WebApplication1",
  "lockfileVersion": 2,
  "requires": true,
  "packages": {
    "": {
      "dependencies": {
        "feedback-component": "file:E:/esources/feedback-component/feedback-component-1.0.0.tgz"
      }
    },
    "node_modules/feedback-component": {
      "version": "1.0.0",
      "resolved": "file:E:/esources/feedback-component/feedback-component-1.0.0.tgz",
      "integrity": "sha512-6BhzGwLuW+jwoeXcyf55xOuc4OkDi8DVfc8aI2EURDilTZTUdz74ZVkw7Hoko9qjLv/OzRnTbCPxm19McNjy4g=="
    }
  },
  "dependencies": {
    "feedback-component": {
      "version": "file:E:\\esources\\feedback-component\\feedback-component-1.0.0.tgz",
      "integrity": "sha512-6BhzGwLuW+jwoeXcyf55xOuc4OkDi8DVfc8aI2EURDilTZTUdz74ZVkw7Hoko9qjLv/OzRnTbCPxm19McNjy4g=="
    }
  }
}
